{
    "name": "DeadMenPax",
    "lockfileVersion": 3,
    "requires": true,
    "packages": {
        "": {
            "dependencies": {
                "bga-ts-template": "^2.0.6"
            }
        },
        "node_modules/bga-ts-template": {
            "version": "2.0.6",
            "resolved": "https://registry.npmjs.org/bga-ts-template/-/bga-ts-template-2.0.6.tgz",
            "integrity": "sha512-kfwNIEUgcCg4+oo+Y6NcQf7Vxpn1N0VFzP18ZfhP3UxWpdMD80SEpdbvFLNM1Tnx18sT6M+wYzkM1Q7IUHsYMw==",
            "bin": {
                "bga-build": "bin/bga-build.js",
                "bga-init": "bin/bga-init.js"
            }
        }
    }
}
